// !$*UTF8*$!
{
	archiveVersion = 1;
	classes = {
	};
	objectVersion = 50;
	objects = {

/* Begin PBXBuildFile section */
		A70D662A224BC8BF001E8544 /* AppDelegate.swift in Sources */ = {isa = PBXBuildFile; fileRef = A70D6629224BC8BF001E8544 /* AppDelegate.swift */; };
		A70D662C224BC8BF001E8544 /* ViewController.swift in Sources */ = {isa = PBXBuildFile; fileRef = A70D662B224BC8BF001E8544 /* ViewController.swift */; };
		A70D662F224BC8BF001E8544 /* Main.storyboard in Resources */ = {isa = PBXBuildFile; fileRef = A70D662D224BC8BF001E8544 /* Main.storyboard */; };
		A70D6631224BC8C0001E8544 /* Assets.xcassets in Resources */ = {isa = PBXBuildFile; fileRef = A70D6630224BC8C0001E8544 /* Assets.xcassets */; };
		A70D6634224BC8C0001E8544 /* LaunchScreen.storyboard in Resources */ = {isa = PBXBuildFile; fileRef = A70D6632224BC8C0001E8544 /* LaunchScreen.storyboard */; };
		A70D663C224BC93C001E8544 /* Line.swift in Sources */ = {isa = PBXBuildFile; fileRef = A70D663B224BC93C001E8544 /* Line.swift */; };
		A70D663E224BCA75001E8544 /* DrawView.swift in Sources */ = {isa = PBXBuildFile; fileRef = A70D663D224BCA75001E8544 /* DrawView.swift */; };
		A70D6640224D2745001E8544 /* Circle.swift in Sources */ = {isa = PBXBuildFile; fileRef = A70D663F224D2745001E8544 /* Circle.swift */; };
		A768385822525930003613E9 /* Default-568h@2x.png in Resources */ = {isa = PBXBuildFile; fileRef = A768385722525930003613E9 /* Default-568h@2x.png */; };
		A786E06622510909007E8E04 /* Calculator.swift in Sources */ = {isa = PBXBuildFile; fileRef = A786E06522510909007E8E04 /* Calculator.swift */; };
/* End PBXBuildFile section */

/* Begin PBXFileReference section */
		A70D6626224BC8BE001E8544 /* iOSMotionAssignment.app */ = {isa = PBXFileReference; explicitFileType = wrapper.application; includeInIndex = 0; path = iOSMotionAssignment.app; sourceTree = BUILT_PRODUCTS_DIR; };
		A70D6629224BC8BF001E8544 /* AppDelegate.swift */ = {isa = PBXFileReference; lastKnownFileType = sourcecode.swift; path = AppDelegate.swift; sourceTree = "<group>"; };
		A70D662B224BC8BF001E8544 /* ViewController.swift */ = {isa = PBXFileReference; lastKnownFileType = sourcecode.swift; path = ViewController.swift; sourceTree = "<group>"; };
		A70D662E224BC8BF001E8544 /* Base */ = {isa = PBXFileReference; lastKnownFileType = file.storyboard; name = Base; path = Base.lproj/Main.storyboard; sourceTree = "<group>"; };
		A70D6630224BC8C0001E8544 /* Assets.xcassets */ = {isa = PBXFileReference; lastKnownFileType = folder.assetcatalog; path = Assets.xcassets; sourceTree = "<group>"; };
		A70D6633224BC8C0001E8544 /* Base */ = {isa = PBXFileReference; lastKnownFileType = file.storyboard; name = Base; path = Base.lproj/LaunchScreen.storyboard; sourceTree = "<group>"; };
		A70D6635224BC8C0001E8544 /* Info.plist */ = {isa = PBXFileReference; lastKnownFileType = text.plist.xml; path = Info.plist; sourceTree = "<group>"; };
		A70D663B224BC93C001E8544 /* Line.swift */ = {isa = PBXFileReference; lastKnownFileType = sourcecode.swift; path = Line.swift; sourceTree = "<group>"; };
		A70D663D224BCA75001E8544 /* DrawView.swift */ = {isa = PBXFileReference; lastKnownFileType = sourcecode.swift; path = DrawView.swift; sourceTree = "<group>"; };
		A70D663F224D2745001E8544 /* Circle.swift */ = {isa = PBXFileReference; lastKnownFileType = sourcecode.swift; path = Circle.swift; sourceTree = "<group>"; };
		A768385722525930003613E9 /* Default-568h@2x.png */ = {isa = PBXFileReference; lastKnownFileType = image.png; path = "Default-568h@2x.png"; sourceTree = "<group>"; };
		A786E06522510909007E8E04 /* Calculator.swift */ = {isa = PBXFileReference; lastKnownFileType = sourcecode.swift; path = Calculator.swift; sourceTree = "<group>"; };
/* End PBXFileReference section */

/* Begin PBXFrameworksBuildPhase section */
		A70D6623224BC8BE001E8544 /* Frameworks */ = {
			isa = PBXFrameworksBuildPhase;
			buildActionMask = 2147483647;
			files = (
			);
			runOnlyForDeploymentPostprocessing = 0;
		};
/* End PBXFrameworksBuildPhase section */

/* Begin PBXGroup section */
		A70D661D224BC8BE001E8544 = {
			isa = PBXGroup;
			children = (
				A768385722525930003613E9 /* Default-568h@2x.png */,
				A70D6628224BC8BE001E8544 /* iOSMotionAssignment */,
				A70D6627224BC8BE001E8544 /* Products */,
			);
			sourceTree = "<group>";
		};
		A70D6627224BC8BE001E8544 /* Products */ = {
			isa = PBXGroup;
			children = (
				A70D6626224BC8BE001E8544 /* iOSMotionAssignment.app */,
			);
			name = Products;
			sourceTree = "<group>";
		};
		A70D6628224BC8BE001E8544 /* iOSMotionAssignment */ = {
			isa = PBXGroup;
			children = (
				A70D6629224BC8BF001E8544 /* AppDelegate.swift */,
				A70D662B224BC8BF001E8544 /* ViewController.swift */,
				A70D662D224BC8BF001E8544 /* Main.storyboard */,
				A70D6630224BC8C0001E8544 /* Assets.xcassets */,
				A70D6632224BC8C0001E8544 /* LaunchScreen.storyboard */,
				A70D6635224BC8C0001E8544 /* Info.plist */,
				A70D663B224BC93C001E8544 /* Line.swift */,
				A70D663D224BCA75001E8544 /* DrawView.swift */,
				A70D663F224D2745001E8544 /* Circle.swift */,
				A786E06522510909007E8E04 /* Calculator.swift */,
			);
			path = iOSMotionAssignment;
			sourceTree = "<group>";
		};
/* End PBXGroup section */

/* Begin PBXNativeTarget section */
		A70D6625224BC8BE001E8544 /* iOSMotionAssignment */ = {
			isa = PBXNativeTarget;
			buildConfigurationList = A70D6638224BC8C0001E8544 /* Build configuration list for PBXNativeTarget "iOSMotionAssignment" */;
			buildPhases = (
				A70D6622224BC8BE001E8544 /* Sources */,
				A70D6623224BC8BE001E8544 /* Frameworks */,
				A70D6624224BC8BE001E8544 /* Resources */,
			);
			buildRules = (
			);
			dependencies = (
			);
			name = iOSMotionAssignment;
			productName = iOSTouch;
			productReference = A70D6626224BC8BE001E8544 /* iOSMotionAssignment.app */;
			productType = "com.apple.product-type.application";
		};
/* End PBXNativeTarget section */

/* Begin PBXProject section */
		A70D661E224BC8BE001E8544 /* Project object */ = {
			isa = PBXProject;
			attributes = {
				LastSwiftUpdateCheck = 1020;
				LastUpgradeCheck = 1020;
				ORGANIZATIONNAME = COMP1601;
				TargetAttributes = {
					A70D6625224BC8BE001E8544 = {
						CreatedOnToolsVersion = 10.2;
					};
				};
			};
			buildConfigurationList = A70D6621224BC8BE001E8544 /* Build configuration list for PBXProject "iOSMotionAssignment" */;
			compatibilityVersion = "Xcode 9.3";
			developmentRegion = en;
			hasScannedForEncodings = 0;
			knownRegions = (
				en,
				Base,
			);
			mainGroup = A70D661D224BC8BE001E8544;
			productRefGroup = A70D6627224BC8BE001E8544 /* Products */;
			projectDirPath = "";
			projectRoot = "";
			targets = (
				A70D6625224BC8BE001E8544 /* iOSMotionAssignment */,
			);
		};
/* End PBXProject section */

/* Begin PBXResourcesBuildPhase section */
		A70D6624224BC8BE001E8544 /* Resources */ = {
			isa = PBXResourcesBuildPhase;
			buildActionMask = 2147483647;
			files = (
				A70D6634224BC8C0001E8544 /* LaunchScreen.storyboard in Resources */,
				A768385822525930003613E9 /* Default-568h@2x.png in Resources */,
				A70D6631224BC8C0001E8544 /* Assets.xcassets in Resources */,
				A70D662F224BC8BF001E8544 /* Main.storyboard in Resources */,
			);
			runOnlyForDeploymentPostprocessing = 0;
		};
/* End PBXResourcesBuildPhase section */

/* Begin PBXSourcesBuildPhase section */
		A70D6622224BC8BE001E8544 /* Sources */ = {
			isa = PBXSourcesBuildPhase;
			buildActionMask = 2147483647;
			files = (
				A70D6640224D2745001E8544 /* Circle.swift in Sources */,
				A70D663C224BC93C001E8544 /* Line.swift in Sources */,
				A70D662C224BC8BF001E8544 /* ViewController.swift in Sources */,
				A70D663E224BCA75001E8544 /* DrawView.swift in Sources */,
				A70D662A224BC8BF001E8544 /* AppDelegate.swift in Sources */,
				A786E06622510909007E8E04 /* Calculator.swift in Sources */,
			);
			runOnlyForDeploymentPostprocessing = 0;
		};
/* End PBXSourcesBuildPhase section */

/* Begin PBXVariantGroup section */
		A70D662D224BC8BF001E8544 /* Main.storyboard */ = {
			isa = PBXVariantGroup;
			children = (
				A70D662E224BC8BF001E8544 /* Base */,
			);
			name = Main.storyboard;
			sourceTree = "<group>";
		};
		A70D6632224BC8C0001E8544 /* LaunchScreen.storyboard */ = {
			isa = PBXVariantGroup;
			children = (
				A70D6633224BC8C0001E8544 /* Base */,
			);
			name = LaunchScreen.storyboard;
			sourceTree = "<group>";
		};
/* End PBXVariantGroup section */

/* Begin XCBuildConfiguration section */
		A70D6636224BC8C0001E8544 /* Debug */ = {
			isa = XCBuildConfiguration;
			buildSettings = {
				ALWAYS_SEARCH_USER_PATHS = NO;
				CLANG_ANALYZER_NONNULL = YES;
				CLANG_ANALYZER_NUMBER_OBJECT_CONVERSION = YES_AGGRESSIVE;
				CLANG_CXX_LANGUAGE_STANDARD = "gnu++14";
				CLANG_CXX_LIBRARY = "libc++";
				CLANG_ENABLE_MODULES = YES;
				CLANG_ENABLE_OBJC_ARC = YES;
				CLANG_ENABLE_OBJC_WEAK = YES;
				CLANG_WARN_BLOCK_CAPTURE_AUTORELEASING = YES;
				CLANG_WARN_BOOL_CONVERSION = YES;
				CLANG_WARN_COMMA = YES;
				CLANG_WARN_CONSTANT_CONVERSION = YES;
				CLANG_WARN_DEPRECATED_OBJC_IMPLEMENTATIONS = YES;
				CLANG_WARN_DIRECT_OBJC_ISA_USAGE = YES_ERROR;
				CLANG_WARN_DOCUMENTATION_COMMENTS = YES;
				CLANG_WARN_EMPTY_BODY = YES;
				CLANG_WARN_ENUM_CONVERSION = YES;
				CLANG_WARN_INFINITE_RECURSION = YES;
				CLANG_WARN_INT_CONVERSION = YES;
				CLANG_WARN_NON_LITERAL_NULL_CONVERSION = YES;
				CLANG_WARN_OBJC_IMPLICIT_RETAIN_SELF = YES;
				CLANG_WARN_OBJC_LITERAL_CONVERSION = YES;
				CLANG_WARN_OBJC_ROOT_CLASS = YES_ERROR;
				CLANG_WARN_RANGE_LOOP_ANALYSIS = YES;
				CLANG_WARN_STRICT_PROTOTYPES = YES;
				CLANG_WARN_SUSPICIOUS_MOVE = YES;
				CLANG_WARN_UNGUARDED_AVAILABILITY = YES_AGGRESSIVE;
				CLANG_WARN_UNREACHABLE_CODE = YES;
				CLANG_WARN__DUPLICATE_METHOD_MATCH = YES;
				CODE_SIGN_IDENTITY = "iPhone Developer";
				COPY_PHASE_STRIP = NO;
				DEBUG_INFORMATION_FORMAT = dwarf;
				ENABLE_STRICT_OBJC_MSGSEND = YES;
				ENABLE_TESTABILITY = YES;
				GCC_C_LANGUAGE_STANDARD = gnu11;
				GCC_DYNAMIC_NO_PIC = NO;
				GCC_NO_COMMON_BLOCKS = YES;
				GCC_OPTIMIZATION_LEVEL = 0;
				GCC_PREPROCESSOR_DEFINITIONS = (
					"DEBUG=1",
					"$(inherited)",
				);
				GCC_WARN_64_TO_32_BIT_CONVERSION = YES;
				GCC_WARN_ABOUT_RETURN_TYPE = YES_ERROR;
				GCC_WARN_UNDECLARED_SELECTOR = YES;
				GCC_WARN_UNINITIALIZED_AUTOS = YES_AGGRESSIVE;
				GCC_WARN_UNUSED_FUNCTION = YES;
				GCC_WARN_UNUSED_VARIABLE = YES;
				IPHONEOS_DEPLOYMENT_TARGET = 12.2;
				MTL_ENABLE_DEBUG_INFO = INCLUDE_SOURCE;
				MTL_FAST_MATH = YES;
				ONLY_ACTIVE_ARCH = YES;
				SDKROOT = iphoneos;
				SWIFT_ACTIVE_COMPILATION_CONDITIONS = DEBUG;
				SWIFT_OPTIMIZATION_LEVEL = "-Onone";
			};
			name = Debug;
		};
		A70D6637224BC8C0001E8544 /* Release */ = {
			isa = XCBuildConfiguration;
			buildSettings = {
				ALWAYS_SEARCH_USER_PATHS = NO;
				CLANG_ANALYZER_NONNULL = YES;
				CLANG_ANALYZER_NUMBER_OBJECT_CONVERSION = YES_AGGRESSIVE;
				CLANG_CXX_LANGUAGE_STANDARD = "gnu++14";
				CLANG_CXX_LIBRARY = "libc++";
				CLANG_ENABLE_MODULES = YES;
				CLANG_ENABLE_OBJC_ARC = YES;
				CLANG_ENABLE_OBJC_WEAK = YES;
				CLANG_WARN_BLOCK_CAPTURE_AUTORELEASING = YES;
				CLANG_WARN_BOOL_CONVERSION = YES;
				CLANG_WARN_COMMA = YES;
				CLANG_WARN_CONSTANT_CONVERSION = YES;
				CLANG_WARN_DEPRECATED_OBJC_IMPLEMENTATIONS = YES;
				CLANG_WARN_DIRECT_OBJC_ISA_USAGE = YES_ERROR;
				CLANG_WARN_DOCUMENTATION_COMMENTS = YES;
				CLANG_WARN_EMPTY_BODY = YES;
				CLANG_WARN_ENUM_CONVERSION = YES;
				CLANG_WARN_INFINITE_RECURSION = YES;
				CLANG_WARN_INT_CONVERSION = YES;
				CLANG_WARN_NON_LITERAL_NULL_CONVERSION = YES;
				CLANG_WARN_OBJC_IMPLICIT_RETAIN_SELF = YES;
				CLANG_WARN_OBJC_LITERAL_CONVERSION = YES;
				CLANG_WARN_OBJC_ROOT_CLASS = YES_ERROR;
				CLANG_WARN_RANGE_LOOP_ANALYSIS = YES;
				CLANG_WARN_STRICT_PROTOTYPES = YES;
				CLANG_WARN_SUSPICIOUS_MOVE = YES;
				CLANG_WARN_UNGUARDED_AVAILABILITY = YES_AGGRESSIVE;
				CLANG_WARN_UNREACHABLE_CODE = YES;
				CLANG_WARN__DUPLICATE_METHOD_MATCH = YES;
				CODE_SIGN_IDENTITY = "iPhone Developer";
				COPY_PHASE_STRIP = NO;
				DEBUG_INFORMATION_FORMAT = "dwarf-with-dsym";
				ENABLE_NS_ASSERTIONS = NO;
				ENABLE_STRICT_OBJC_MSGSEND = YES;
				GCC_C_LANGUAGE_STANDARD = gnu11;
				GCC_NO_COMMON_BLOCKS = YES;
				GCC_WARN_64_TO_32_BIT_CONVERSION = YES;
				GCC_WARN_ABOUT_RETURN_TYPE = YES_ERROR;
				GCC_WARN_UNDECLARED_SELECTOR = YES;
				GCC_WARN_UNINITIALIZED_AUTOS = YES_AGGRESSIVE;
				GCC_WARN_UNUSED_FUNCTION = YES;
				GCC_WARN_UNUSED_VARIABLE = YES;
				IPHONEOS_DEPLOYMENT_TARGET = 12.2;
				MTL_ENABLE_DEBUG_INFO = NO;
				MTL_FAST_MATH = YES;
				SDKROOT = iphoneos;
				SWIFT_COMPILATION_MODE = wholemodule;
				SWIFT_OPTIMIZATION_LEVEL = "-O";
				VALIDATE_PRODUCT = YES;
			};
			name = Release;
		};
		A70D6639224BC8C0001E8544 /* Debug */ = {
			isa = XCBuildConfiguration;
			buildSettings = {
				ASSETCATALOG_COMPILER_APPICON_NAME = AppIcon;
				CODE_SIGN_STYLE = Automatic;
				INFOPLIST_FILE = "$(SRCROOT)/iOSMotionAssignment/Info.plist";
				LD_RUNPATH_SEARCH_PATHS = (
					"$(inherited)",
					"@executable_path/Frameworks",
				);
				PRODUCT_BUNDLE_IDENTIFIER = com.carleton.1601.iOSTouch;
				PRODUCT_NAME = "$(TARGET_NAME)";
				SWIFT_VERSION = 5.0;
				TARGETED_DEVICE_FAMILY = "1,2";
			};
			name = Debug;
		};
		A70D663A224BC8C0001E8544 /* Release */ = {
			isa = XCBuildConfiguration;
			buildSettings = {
				ASSETCATALOG_COMPILER_APPICON_NAME = AppIcon;
				CODE_SIGN_STYLE = Automatic;
				INFOPLIST_FILE = "$(SRCROOT)/iOSMotionAssignment/Info.plist";
				LD_RUNPATH_SEARCH_PATHS = (
					"$(inherited)",
					"@executable_path/Frameworks",
				);
				PRODUCT_BUNDLE_IDENTIFIER = com.carleton.1601.iOSTouch;
				PRODUCT_NAME = "$(TARGET_NAME)";
				SWIFT_VERSION = 5.0;
				TARGETED_DEVICE_FAMILY = "1,2";
			};
			name = Release;
		};
/* End XCBuildConfiguration section */

/* Begin XCConfigurationList section */
		A70D6621224BC8BE001E8544 /* Build configuration list for PBXProject "iOSMotionAssignment" */ = {
			isa = XCConfigurationList;
			buildConfigurations = (
				A70D6636224BC8C0001E8544 /* Debug */,
				A70D6637224BC8C0001E8544 /* Release */,
			);
			defaultConfigurationIsVisible = 0;
			defaultConfigurationName = Release;
		};
		A70D6638224BC8C0001E8544 /* Build configuration list for PBXNativeTarget "iOSMotionAssignment" */ = {
			isa = XCConfigurationList;
			buildConfigurations = (
				A70D6639224BC8C0001E8544 /* Debug */,
				A70D663A224BC8C0001E8544 /* Release */,
			);
			defaultConfigurationIsVisible = 0;
			defaultConfigurationName = Release;
		};
/* End XCConfigurationList section */
	};
	rootObject = A70D661E224BC8BE001E8544 /* Project object */;
}
